
Microsoft Visual Studio Solution File, Format Version 12.00
# Visual Studio Version 17
VisualStudioVersion = 17.9.34616.47
MinimumVisualStudioVersion = 10.0.40219.1
Project("{FAE04EC0-301F-11D3-BF4B-00C04F79EFBC}") = "MVCShoppingCart.Web", "MVCShoppingCart.Web\MVCShoppingCart.Web.csproj", "{93586A14-8386-420B-B54F-F729ED6B263B}"
EndProject
Project("{FAE04EC0-301F-11D3-BF4B-00C04F79EFBC}") = "MVCShoppingCart.Models", "MVCShoppingCart.Models\MVCShoppingCart.Models.csproj", "{1DBB664B-7F4C-4DA1-B0E4-6E028A599F92}"
EndProject
Project("{FAE04EC0-301F-11D3-BF4B-00C04F79EFBC}") = "MVCShoppingCart.DataAccess", "MVCShoppingCart.DataAccess\MVCShoppingCart.DataAccess.csproj", "{5E59CF5D-832C-4502-9F4D-675DFE4E8453}"
EndProject
Global
	GlobalSection(SolutionConfigurationPlatforms) = preSolution
		Debug|Any CPU = Debug|Any CPU
		Release|Any CPU = Release|Any CPU
	EndGlobalSection
	GlobalSection(ProjectConfigurationPlatforms) = postSolution
		{93586A14-8386-420B-B54F-F729ED6B263B}.Debug|Any CPU.ActiveCfg = Debug|Any CPU
		{93586A14-8386-420B-B54F-F729ED6B263B}.Debug|Any CPU.Build.0 = Debug|Any CPU
		{93586A14-8386-420B-B54F-F729ED6B263B}.Release|Any CPU.ActiveCfg = Release|Any CPU
		{93586A14-8386-420B-B54F-F729ED6B263B}.Release|Any CPU.Build.0 = Release|Any CPU
		{1DBB664B-7F4C-4DA1-B0E4-6E028A599F92}.Debug|Any CPU.ActiveCfg = Debug|Any CPU
		{1DBB664B-7F4C-4DA1-B0E4-6E028A599F92}.Debug|Any CPU.Build.0 = Debug|Any CPU
		{1DBB664B-7F4C-4DA1-B0E4-6E028A599F92}.Release|Any CPU.ActiveCfg = Release|Any CPU
		{1DBB664B-7F4C-4DA1-B0E4-6E028A599F92}.Release|Any CPU.Build.0 = Release|Any CPU
		{5E59CF5D-832C-4502-9F4D-675DFE4E8453}.Debug|Any CPU.ActiveCfg = Debug|Any CPU
		{5E59CF5D-832C-4502-9F4D-675DFE4E8453}.Debug|Any CPU.Build.0 = Debug|Any CPU
		{5E59CF5D-832C-4502-9F4D-675DFE4E8453}.Release|Any CPU.ActiveCfg = Release|Any CPU
		{5E59CF5D-832C-4502-9F4D-675DFE4E8453}.Release|Any CPU.Build.0 = Release|Any CPU
	EndGlobalSection
	GlobalSection(SolutionProperties) = preSolution
		HideSolutionNode = FALSE
	EndGlobalSection
	GlobalSection(ExtensibilityGlobals) = postSolution
		SolutionGuid = {0BA8BB30-B13A-452C-98A0-A66D09D27629}
	EndGlobalSection
EndGlobal
